
Microsoft Visual Studio Solution File, Format Version 12.00
# Visual Studio 15
VisualStudioVersion = 15.0.26228.4
MinimumVisualStudioVersion = 10.0.40219.1
Project("{FAE04EC0-301F-11D3-BF4B-00C04F79EFBC}") = "PassengersAPI", "PassengersAPI\PassengersAPI.csproj", "{4490BC47-5A72-4B40-BFF9-BE020D452D62}"
EndProject
Project("{FAE04EC0-301F-11D3-BF4B-00C04F79EFBC}") = "PassengersAPI.Support", "PassengersAPI.Support\PassengersAPI.Support.csproj", "{07B7E787-3C67-4C5B-9378-E6688AF6F130}"
EndProject
Project("{FAE04EC0-301F-11D3-BF4B-00C04F79EFBC}") = "PassengersAPI.Repository", "PassengersAPI.Repository\PassengersAPI.Repository.csproj", "{C8828F76-06D5-4D67-BBC5-C585E6F33454}"
EndProject
Project("{FAE04EC0-301F-11D3-BF4B-00C04F79EFBC}") = "PassengersAPI.Model", "PassengersAPI.Model\PassengersAPI.Model.csproj", "{7E3DF547-2971-4513-BD89-2EC12E344DBF}"
EndProject
Global
	GlobalSection(SolutionConfigurationPlatforms) = preSolution
		Debug|Any CPU = Debug|Any CPU
		Release|Any CPU = Release|Any CPU
	EndGlobalSection
	GlobalSection(ProjectConfigurationPlatforms) = postSolution
		{4490BC47-5A72-4B40-BFF9-BE020D452D62}.Debug|Any CPU.ActiveCfg = Debug|Any CPU
		{4490BC47-5A72-4B40-BFF9-BE020D452D62}.Debug|Any CPU.Build.0 = Debug|Any CPU
		{4490BC47-5A72-4B40-BFF9-BE020D452D62}.Release|Any CPU.ActiveCfg = Release|Any CPU
		{4490BC47-5A72-4B40-BFF9-BE020D452D62}.Release|Any CPU.Build.0 = Release|Any CPU
		{07B7E787-3C67-4C5B-9378-E6688AF6F130}.Debug|Any CPU.ActiveCfg = Debug|Any CPU
		{07B7E787-3C67-4C5B-9378-E6688AF6F130}.Debug|Any CPU.Build.0 = Debug|Any CPU
		{07B7E787-3C67-4C5B-9378-E6688AF6F130}.Release|Any CPU.ActiveCfg = Release|Any CPU
		{07B7E787-3C67-4C5B-9378-E6688AF6F130}.Release|Any CPU.Build.0 = Release|Any CPU
		{C8828F76-06D5-4D67-BBC5-C585E6F33454}.Debug|Any CPU.ActiveCfg = Debug|Any CPU
		{C8828F76-06D5-4D67-BBC5-C585E6F33454}.Debug|Any CPU.Build.0 = Debug|Any CPU
		{C8828F76-06D5-4D67-BBC5-C585E6F33454}.Release|Any CPU.ActiveCfg = Release|Any CPU
		{C8828F76-06D5-4D67-BBC5-C585E6F33454}.Release|Any CPU.Build.0 = Release|Any CPU
		{7E3DF547-2971-4513-BD89-2EC12E344DBF}.Debug|Any CPU.ActiveCfg = Debug|Any CPU
		{7E3DF547-2971-4513-BD89-2EC12E344DBF}.Debug|Any CPU.Build.0 = Debug|Any CPU
		{7E3DF547-2971-4513-BD89-2EC12E344DBF}.Release|Any CPU.ActiveCfg = Release|Any CPU
		{7E3DF547-2971-4513-BD89-2EC12E344DBF}.Release|Any CPU.Build.0 = Release|Any CPU
	EndGlobalSection
	GlobalSection(SolutionProperties) = preSolution
		HideSolutionNode = FALSE
	EndGlobalSection
EndGlobal
